
Microsoft Visual Studio Solution File, Format Version 12.00
# Visual Studio Version 17
VisualStudioVersion = 17.2.32602.215
MinimumVisualStudioVersion = 10.0.40219.1
Project("{FAE04EC0-301F-11D3-BF4B-00C04F79EFBC}") = "BakiyeIslemleri", "BakiyeIslemleri\BakiyeIslemleri.csproj", "{4386CB2D-1FBD-45FC-83AF-AA8EF335B4B8}"
EndProject
Global
	GlobalSection(SolutionConfigurationPlatforms) = preSolution
		Debug|Any CPU = Debug|Any CPU
		Release|Any CPU = Release|Any CPU
	EndGlobalSection
	GlobalSection(ProjectConfigurationPlatforms) = postSolution
		{4386CB2D-1FBD-45FC-83AF-AA8EF335B4B8}.Debug|Any CPU.ActiveCfg = Debug|Any CPU
		{4386CB2D-1FBD-45FC-83AF-AA8EF335B4B8}.Debug|Any CPU.Build.0 = Debug|Any CPU
		{4386CB2D-1FBD-45FC-83AF-AA8EF335B4B8}.Release|Any CPU.ActiveCfg = Release|Any CPU
		{4386CB2D-1FBD-45FC-83AF-AA8EF335B4B8}.Release|Any CPU.Build.0 = Release|Any CPU
	EndGlobalSection
	GlobalSection(SolutionProperties) = preSolution
		HideSolutionNode = FALSE
	EndGlobalSection
	GlobalSection(ExtensibilityGlobals) = postSolution
		SolutionGuid = {51974FB0-C9A6-451B-A77A-6BD635AD020A}
	EndGlobalSection
EndGlobal
